
Microsoft Visual Studio Solution File, Format Version 12.00
# Visual Studio Version 16
VisualStudioVersion = 16.0.30320.27
MinimumVisualStudioVersion = 10.0.40219.1
Project("{FAE04EC0-301F-11D3-BF4B-00C04F79EFBC}") = "BankingApp", "BankingApp\BankingApp.csproj", "{411931E0-E1B9-4337-B593-9594E8613BE8}"
EndProject
Global
	GlobalSection(SolutionConfigurationPlatforms) = preSolution
		Debug|Any CPU = Debug|Any CPU
		Release|Any CPU = Release|Any CPU
	EndGlobalSection
	GlobalSection(ProjectConfigurationPlatforms) = postSolution
		{411931E0-E1B9-4337-B593-9594E8613BE8}.Debug|Any CPU.ActiveCfg = Debug|Any CPU
		{411931E0-E1B9-4337-B593-9594E8613BE8}.Debug|Any CPU.Build.0 = Debug|Any CPU
		{411931E0-E1B9-4337-B593-9594E8613BE8}.Release|Any CPU.ActiveCfg = Release|Any CPU
		{411931E0-E1B9-4337-B593-9594E8613BE8}.Release|Any CPU.Build.0 = Release|Any CPU
	EndGlobalSection
	GlobalSection(SolutionProperties) = preSolution
		HideSolutionNode = FALSE
	EndGlobalSection
	GlobalSection(ExtensibilityGlobals) = postSolution
		SolutionGuid = {F9F49A8A-1C8D-4D03-B7B6-0919C456A006}
	EndGlobalSection
EndGlobal
